
Microsoft Visual Studio Solution File, Format Version 12.00
# Visual Studio Version 16
VisualStudioVersion = 16.0.31702.278
MinimumVisualStudioVersion = 10.0.40219.1
Project("{FAE04EC0-301F-11D3-BF4B-00C04F79EFBC}") = "FlowerManagement", "FlowerManagement\FlowerManagement.csproj", "{D240AF7B-BBB8-4B3F-A99B-D45C0E778D9C}"
EndProject
Global
	GlobalSection(SolutionConfigurationPlatforms) = preSolution
		Debug|Any CPU = Debug|Any CPU
		Release|Any CPU = Release|Any CPU
	EndGlobalSection
	GlobalSection(ProjectConfigurationPlatforms) = postSolution
		{D240AF7B-BBB8-4B3F-A99B-D45C0E778D9C}.Debug|Any CPU.ActiveCfg = Debug|Any CPU
		{D240AF7B-BBB8-4B3F-A99B-D45C0E778D9C}.Debug|Any CPU.Build.0 = Debug|Any CPU
		{D240AF7B-BBB8-4B3F-A99B-D45C0E778D9C}.Release|Any CPU.ActiveCfg = Release|Any CPU
		{D240AF7B-BBB8-4B3F-A99B-D45C0E778D9C}.Release|Any CPU.Build.0 = Release|Any CPU
	EndGlobalSection
	GlobalSection(SolutionProperties) = preSolution
		HideSolutionNode = FALSE
	EndGlobalSection
	GlobalSection(ExtensibilityGlobals) = postSolution
		SolutionGuid = {4BE985F4-B502-4EAD-B858-55575202662D}
	EndGlobalSection
EndGlobal
